
Microsoft Visual Studio Solution File, Format Version 12.00
# Visual Studio Version 17
VisualStudioVersion = 17.5.33530.505
MinimumVisualStudioVersion = 10.0.40219.1
Project("{FAE04EC0-301F-11D3-BF4B-00C04F79EFBC}") = "FactorialGeeks", "FactorialGeeks\FactorialGeeks.csproj", "{2F2FC8D5-20F6-44E0-B182-A4235FBE6160}"
EndProject
Global
	GlobalSection(SolutionConfigurationPlatforms) = preSolution
		Debug|Any CPU = Debug|Any CPU
		Release|Any CPU = Release|Any CPU
	EndGlobalSection
	GlobalSection(ProjectConfigurationPlatforms) = postSolution
		{2F2FC8D5-20F6-44E0-B182-A4235FBE6160}.Debug|Any CPU.ActiveCfg = Debug|Any CPU
		{2F2FC8D5-20F6-44E0-B182-A4235FBE6160}.Debug|Any CPU.Build.0 = Debug|Any CPU
		{2F2FC8D5-20F6-44E0-B182-A4235FBE6160}.Release|Any CPU.ActiveCfg = Release|Any CPU
		{2F2FC8D5-20F6-44E0-B182-A4235FBE6160}.Release|Any CPU.Build.0 = Release|Any CPU
	EndGlobalSection
	GlobalSection(SolutionProperties) = preSolution
		HideSolutionNode = FALSE
	EndGlobalSection
	GlobalSection(ExtensibilityGlobals) = postSolution
		SolutionGuid = {C4BF58B1-E447-4854-B334-F0475B0B99CA}
	EndGlobalSection
EndGlobal
